// !$*UTF8*$!
{
	archiveVersion = 1;
	classes = {
	};
	objectVersion = 77;
	objects = {

/* Begin PBXBuildFile section */
		0D86A3122CC647AC001BC3B5 /* README.md in Resources */ = {isa = PBXBuildFile; fileRef = 0D86A3112CC647AC001BC3B5 /* README.md */; };
/* End PBXBuildFile section */

/* Begin PBXContainerItemProxy section */
		0DA8A5352CAD40CF00879FDC /* PBXContainerItemProxy */ = {
			isa = PBXContainerItemProxy;
			containerPortal = 0DA8A51C2CAD40C900879FDC /* Project object */;
			proxyType = 1;
			remoteGlobalIDString = 0DA8A5232CAD40C900879FDC;
			remoteInfo = Remindr;
		};
		0DA8A53F2CAD40CF00879FDC /* PBXContainerItemProxy */ = {
			isa = PBXContainerItemProxy;
			containerPortal = 0DA8A51C2CAD40C900879FDC /* Project object */;
			proxyType = 1;
			remoteGlobalIDString = 0DA8A5232CAD40C900879FDC;
			remoteInfo = Remindr;
		};
/* End PBXContainerItemProxy section */

/* Begin PBXFileReference section */
		0D86A3112CC647AC001BC3B5 /* README.md */ = {isa = PBXFileReference; lastKnownFileType = net.daringfireball.markdown; path = README.md; sourceTree = "<group>"; };
		0DA8A5242CAD40C900879FDC /* Remindr.app */ = {isa = PBXFileReference; explicitFileType = wrapper.application; includeInIndex = 0; path = Remindr.app; sourceTree = BUILT_PRODUCTS_DIR; };
		0DA8A5342CAD40CF00879FDC /* RemindrTests.xctest */ = {isa = PBXFileReference; explicitFileType = wrapper.cfbundle; includeInIndex = 0; path = RemindrTests.xctest; sourceTree = BUILT_PRODUCTS_DIR; };
		0DA8A53E2CAD40CF00879FDC /* RemindrUITests.xctest */ = {isa = PBXFileReference; explicitFileType = wrapper.cfbundle; includeInIndex = 0; path = RemindrUITests.xctest; sourceTree = BUILT_PRODUCTS_DIR; };
/* End PBXFileReference section */

/* Begin PBXFileSystemSynchronizedRootGroup section */
		0DA8A5262CAD40C900879FDC /* Remindr */ = {
			isa = PBXFileSystemSynchronizedRootGroup;
			path = Remindr;
			sourceTree = "<group>";
		};
		0DA8A5372CAD40CF00879FDC /* RemindrTests */ = {
			isa = PBXFileSystemSynchronizedRootGroup;
			path = RemindrTests;
			sourceTree = "<group>";
		};
		0DA8A5412CAD40CF00879FDC /* RemindrUITests */ = {
			isa = PBXFileSystemSynchronizedRootGroup;
			path = RemindrUITests;
			sourceTree = "<group>";
		};
/* End PBXFileSystemSynchronizedRootGroup section */

/* Begin PBXFrameworksBuildPhase section */
		0DA8A5212CAD40C900879FDC /* Frameworks */ = {
			isa = PBXFrameworksBuildPhase;
			buildActionMask = 2147483647;
			files = (
			);
			runOnlyForDeploymentPostprocessing = 0;
		};
		0DA8A5312CAD40CF00879FDC /* Frameworks */ = {
			isa = PBXFrameworksBuildPhase;
			buildActionMask = 2147483647;
			files = (
			);
			runOnlyForDeploymentPostprocessing = 0;
		};
		0DA8A53B2CAD40CF00879FDC /* Frameworks */ = {
			isa = PBXFrameworksBuildPhase;
			buildActionMask = 2147483647;
			files = (
			);
			runOnlyForDeploymentPostprocessing = 0;
		};
/* End PBXFrameworksBuildPhase section */

/* Begin PBXGroup section */
		0DA8A51B2CAD40C900879FDC = {
			isa = PBXGroup;
			children = (
				0DA8A5262CAD40C900879FDC /* Remindr */,
				0DA8A5372CAD40CF00879FDC /* RemindrTests */,
				0DA8A5412CAD40CF00879FDC /* RemindrUITests */,
				0DA8A5252CAD40C900879FDC /* Products */,
				0D86A3112CC647AC001BC3B5 /* README.md */,
			);
			sourceTree = "<group>";
		};
		0DA8A5252CAD40C900879FDC /* Products */ = {
			isa = PBXGroup;
			children = (
				0DA8A5242CAD40C900879FDC /* Remindr.app */,
				0DA8A5342CAD40CF00879FDC /* RemindrTests.xctest */,
				0DA8A53E2CAD40CF00879FDC /* RemindrUITests.xctest */,
			);
			name = Products;
			sourceTree = "<group>";
		};
/* End PBXGroup section */

/* Begin PBXNativeTarget section */
		0DA8A5232CAD40C900879FDC /* Remindr */ = {
			isa = PBXNativeTarget;
			buildConfigurationList = 0DA8A5482CAD40CF00879FDC /* Build configuration list for PBXNativeTarget "Remindr" */;
			buildPhases = (
				0DA8A5202CAD40C900879FDC /* Sources */,
				0DA8A5212CAD40C900879FDC /* Frameworks */,
				0DA8A5222CAD40C900879FDC /* Resources */,
			);
			buildRules = (
			);
			dependencies = (
			);
			fileSystemSynchronizedGroups = (
				0DA8A5262CAD40C900879FDC /* Remindr */,
			);
			name = Remindr;
			packageProductDependencies = (
			);
			productName = Remindr;
			productReference = 0DA8A5242CAD40C900879FDC /* Remindr.app */;
			productType = "com.apple.product-type.application";
		};
		0DA8A5332CAD40CF00879FDC /* RemindrTests */ = {
			isa = PBXNativeTarget;
			buildConfigurationList = 0DA8A54B2CAD40CF00879FDC /* Build configuration list for PBXNativeTarget "RemindrTests" */;
			buildPhases = (
				0DA8A5302CAD40CF00879FDC /* Sources */,
				0DA8A5312CAD40CF00879FDC /* Frameworks */,
				0DA8A5322CAD40CF00879FDC /* Resources */,
			);
			buildRules = (
			);
			dependencies = (
				0DA8A5362CAD40CF00879FDC /* PBXTargetDependency */,
			);
			fileSystemSynchronizedGroups = (
				0DA8A5372CAD40CF00879FDC /* RemindrTests */,
			);
			name = RemindrTests;
			packageProductDependencies = (
			);
			productName = RemindrTests;
			productReference = 0DA8A5342CAD40CF00879FDC /* RemindrTests.xctest */;
			productType = "com.apple.product-type.bundle.unit-test";
		};
		0DA8A53D2CAD40CF00879FDC /* RemindrUITests */ = {
			isa = PBXNativeTarget;
			buildConfigurationList = 0DA8A54E2CAD40CF00879FDC /* Build configuration list for PBXNativeTarget "RemindrUITests" */;
			buildPhases = (
				0DA8A53A2CAD40CF00879FDC /* Sources */,
				0DA8A53B2CAD40CF00879FDC /* Frameworks */,
				0DA8A53C2CAD40CF00879FDC /* Resources */,
			);
			buildRules = (
			);
			dependencies = (
				0DA8A5402CAD40CF00879FDC /* PBXTargetDependency */,
			);
			fileSystemSynchronizedGroups = (
				0DA8A5412CAD40CF00879FDC /* RemindrUITests */,
			);
			name = RemindrUITests;
			packageProductDependencies = (
			);
			productName = RemindrUITests;
			productReference = 0DA8A53E2CAD40CF00879FDC /* RemindrUITests.xctest */;
			productType = "com.apple.product-type.bundle.ui-testing";
		};
/* End PBXNativeTarget section */

/* Begin PBXProject section */
		0DA8A51C2CAD40C900879FDC /* Project object */ = {
			isa = PBXProject;
			attributes = {
				BuildIndependentTargetsInParallel = 1;
				LastSwiftUpdateCheck = 1600;
				LastUpgradeCheck = 1600;
				TargetAttributes = {
					0DA8A5232CAD40C900879FDC = {
						CreatedOnToolsVersion = 16.0;
					};
					0DA8A5332CAD40CF00879FDC = {
						CreatedOnToolsVersion = 16.0;
						TestTargetID = 0DA8A5232CAD40C900879FDC;
					};
					0DA8A53D2CAD40CF00879FDC = {
						CreatedOnToolsVersion = 16.0;
						TestTargetID = 0DA8A5232CAD40C900879FDC;
					};
				};
			};
			buildConfigurationList = 0DA8A51F2CAD40C900879FDC /* Build configuration list for PBXProject "Remindr" */;
			developmentRegion = en;
			hasScannedForEncodings = 0;
			knownRegions = (
				en,
				Base,
			);
			mainGroup = 0DA8A51B2CAD40C900879FDC;
			minimizedProjectReferenceProxies = 1;
			preferredProjectObjectVersion = 77;
			productRefGroup = 0DA8A5252CAD40C900879FDC /* Products */;
			projectDirPath = "";
			projectRoot = "";
			targets = (
				0DA8A5232CAD40C900879FDC /* Remindr */,
				0DA8A5332CAD40CF00879FDC /* RemindrTests */,
				0DA8A53D2CAD40CF00879FDC /* RemindrUITests */,
			);
		};
/* End PBXProject section */

/* Begin PBXResourcesBuildPhase section */
		0DA8A5222CAD40C900879FDC /* Resources */ = {
			isa = PBXResourcesBuildPhase;
			buildActionMask = 2147483647;
			files = (
				0D86A3122CC647AC001BC3B5 /* README.md in Resources */,
			);
			runOnlyForDeploymentPostprocessing = 0;
		};
		0DA8A5322CAD40CF00879FDC /* Resources */ = {
			isa = PBXResourcesBuildPhase;
			buildActionMask = 2147483647;
			files = (
			);
			runOnlyForDeploymentPostprocessing = 0;
		};
		0DA8A53C2CAD40CF00879FDC /* Resources */ = {
			isa = PBXResourcesBuildPhase;
			buildActionMask = 2147483647;
			files = (
			);
			runOnlyForDeploymentPostprocessing = 0;
		};
/* End PBXResourcesBuildPhase section */

/* Begin PBXSourcesBuildPhase section */
		0DA8A5202CAD40C900879FDC /* Sources */ = {
			isa = PBXSourcesBuildPhase;
			buildActionMask = 2147483647;
			files = (
			);
			runOnlyForDeploymentPostprocessing = 0;
		};
		0DA8A5302CAD40CF00879FDC /* Sources */ = {
			isa = PBXSourcesBuildPhase;
			buildActionMask = 2147483647;
			files = (
			);
			runOnlyForDeploymentPostprocessing = 0;
		};
		0DA8A53A2CAD40CF00879FDC /* Sources */ = {
			isa = PBXSourcesBuildPhase;
			buildActionMask = 2147483647;
			files = (
			);
			runOnlyForDeploymentPostprocessing = 0;
		};
/* End PBXSourcesBuildPhase section */

/* Begin PBXTargetDependency section */
		0DA8A5362CAD40CF00879FDC /* PBXTargetDependency */ = {
			isa = PBXTargetDependency;
			target = 0DA8A5232CAD40C900879FDC /* Remindr */;
			targetProxy = 0DA8A5352CAD40CF00879FDC /* PBXContainerItemProxy */;
		};
		0DA8A5402CAD40CF00879FDC /* PBXTargetDependency */ = {
			isa = PBXTargetDependency;
			target = 0DA8A5232CAD40C900879FDC /* Remindr */;
			targetProxy = 0DA8A53F2CAD40CF00879FDC /* PBXContainerItemProxy */;
		};
/* End PBXTargetDependency section */

/* Begin XCBuildConfiguration section */
		0DA8A5462CAD40CF00879FDC /* Debug */ = {
			isa = XCBuildConfiguration;
			buildSettings = {
				ALWAYS_SEARCH_USER_PATHS = NO;
				ASSETCATALOG_COMPILER_GENERATE_SWIFT_ASSET_SYMBOL_EXTENSIONS = YES;
				CLANG_ANALYZER_NONNULL = YES;
				CLANG_ANALYZER_NUMBER_OBJECT_CONVERSION = YES_AGGRESSIVE;
				CLANG_CXX_LANGUAGE_STANDARD = "gnu++20";
				CLANG_ENABLE_MODULES = YES;
				CLANG_ENABLE_OBJC_ARC = YES;
				CLANG_ENABLE_OBJC_WEAK = YES;
				CLANG_WARN_BLOCK_CAPTURE_AUTORELEASING = YES;
				CLANG_WARN_BOOL_CONVERSION = YES;
				CLANG_WARN_COMMA = YES;
				CLANG_WARN_CONSTANT_CONVERSION = YES;
				CLANG_WARN_DEPRECATED_OBJC_IMPLEMENTATIONS = YES;
				CLANG_WARN_DIRECT_OBJC_ISA_USAGE = YES_ERROR;
				CLANG_WARN_DOCUMENTATION_COMMENTS = YES;
				CLANG_WARN_EMPTY_BODY = YES;
				CLANG_WARN_ENUM_CONVERSION = YES;
				CLANG_WARN_INFINITE_RECURSION = YES;
				CLANG_WARN_INT_CONVERSION = YES;
				CLANG_WARN_NON_LITERAL_NULL_CONVERSION = YES;
				CLANG_WARN_OBJC_IMPLICIT_RETAIN_SELF = YES;
				CLANG_WARN_OBJC_LITERAL_CONVERSION = YES;
				CLANG_WARN_OBJC_ROOT_CLASS = YES_ERROR;
				CLANG_WARN_QUOTED_INCLUDE_IN_FRAMEWORK_HEADER = YES;
				CLANG_WARN_RANGE_LOOP_ANALYSIS = YES;
				CLANG_WARN_STRICT_PROTOTYPES = YES;
				CLANG_WARN_SUSPICIOUS_MOVE = YES;
				CLANG_WARN_UNGUARDED_AVAILABILITY = YES_AGGRESSIVE;
				CLANG_WARN_UNREACHABLE_CODE = YES;
				CLANG_WARN__DUPLICATE_METHOD_MATCH = YES;
				COPY_PHASE_STRIP = NO;
				DEBUG_INFORMATION_FORMAT = dwarf;
				ENABLE_STRICT_OBJC_MSGSEND = YES;
				ENABLE_TESTABILITY = YES;
				ENABLE_USER_SCRIPT_SANDBOXING = YES;
				GCC_C_LANGUAGE_STANDARD = gnu17;
				GCC_DYNAMIC_NO_PIC = NO;
				GCC_NO_COMMON_BLOCKS = YES;
				GCC_OPTIMIZATION_LEVEL = 0;
				GCC_PREPROCESSOR_DEFINITIONS = (
					"DEBUG=1",
					"$(inherited)",
				);
				GCC_WARN_64_TO_32_BIT_CONVERSION = YES;
				GCC_WARN_ABOUT_RETURN_TYPE = YES_ERROR;
				GCC_WARN_UNDECLARED_SELECTOR = YES;
				GCC_WARN_UNINITIALIZED_AUTOS = YES_AGGRESSIVE;
				GCC_WARN_UNUSED_FUNCTION = YES;
				GCC_WARN_UNUSED_VARIABLE = YES;
				IPHONEOS_DEPLOYMENT_TARGET = 18.0;
				LOCALIZATION_PREFERS_STRING_CATALOGS = YES;
				MTL_ENABLE_DEBUG_INFO = INCLUDE_SOURCE;
				MTL_FAST_MATH = YES;
				ONLY_ACTIVE_ARCH = YES;
				SDKROOT = iphoneos;
				SWIFT_ACTIVE_COMPILATION_CONDITIONS = "DEBUG $(inherited)";
				SWIFT_OPTIMIZATION_LEVEL = "-Onone";
			};
			name = Debug;
		};
		0DA8A5472CAD40CF00879FDC /* Release */ = {
			isa = XCBuildConfiguration;
			buildSettings = {
				ALWAYS_SEARCH_USER_PATHS = NO;
				ASSETCATALOG_COMPILER_GENERATE_SWIFT_ASSET_SYMBOL_EXTENSIONS = YES;
				CLANG_ANALYZER_NONNULL = YES;
				CLANG_ANALYZER_NUMBER_OBJECT_CONVERSION = YES_AGGRESSIVE;
				CLANG_CXX_LANGUAGE_STANDARD = "gnu++20";
				CLANG_ENABLE_MODULES = YES;
				CLANG_ENABLE_OBJC_ARC = YES;
				CLANG_ENABLE_OBJC_WEAK = YES;
				CLANG_WARN_BLOCK_CAPTURE_AUTORELEASING = YES;
				CLANG_WARN_BOOL_CONVERSION = YES;
				CLANG_WARN_COMMA = YES;
				CLANG_WARN_CONSTANT_CONVERSION = YES;
				CLANG_WARN_DEPRECATED_OBJC_IMPLEMENTATIONS = YES;
				CLANG_WARN_DIRECT_OBJC_ISA_USAGE = YES_ERROR;
				CLANG_WARN_DOCUMENTATION_COMMENTS = YES;
				CLANG_WARN_EMPTY_BODY = YES;
				CLANG_WARN_ENUM_CONVERSION = YES;
				CLANG_WARN_INFINITE_RECURSION = YES;
				CLANG_WARN_INT_CONVERSION = YES;
				CLANG_WARN_NON_LITERAL_NULL_CONVERSION = YES;
				CLANG_WARN_OBJC_IMPLICIT_RETAIN_SELF = YES;
				CLANG_WARN_OBJC_LITERAL_CONVERSION = YES;
				CLANG_WARN_OBJC_ROOT_CLASS = YES_ERROR;
				CLANG_WARN_QUOTED_INCLUDE_IN_FRAMEWORK_HEADER = YES;
				CLANG_WARN_RANGE_LOOP_ANALYSIS = YES;
				CLANG_WARN_STRICT_PROTOTYPES = YES;
				CLANG_WARN_SUSPICIOUS_MOVE = YES;
				CLANG_WARN_UNGUARDED_AVAILABILITY = YES_AGGRESSIVE;
				CLANG_WARN_UNREACHABLE_CODE = YES;
				CLANG_WARN__DUPLICATE_METHOD_MATCH = YES;
				COPY_PHASE_STRIP = NO;
				DEBUG_INFORMATION_FORMAT = "dwarf-with-dsym";
				ENABLE_NS_ASSERTIONS = NO;
				ENABLE_STRICT_OBJC_MSGSEND = YES;
				ENABLE_USER_SCRIPT_SANDBOXING = YES;
				GCC_C_LANGUAGE_STANDARD = gnu17;
				GCC_NO_COMMON_BLOCKS = YES;
				GCC_WARN_64_TO_32_BIT_CONVERSION = YES;
				GCC_WARN_ABOUT_RETURN_TYPE = YES_ERROR;
				GCC_WARN_UNDECLARED_SELECTOR = YES;
				GCC_WARN_UNINITIALIZED_AUTOS = YES_AGGRESSIVE;
				GCC_WARN_UNUSED_FUNCTION = YES;
				GCC_WARN_UNUSED_VARIABLE = YES;
				IPHONEOS_DEPLOYMENT_TARGET = 18.0;
				LOCALIZATION_PREFERS_STRING_CATALOGS = YES;
				MTL_ENABLE_DEBUG_INFO = NO;
				MTL_FAST_MATH = YES;
				SDKROOT = iphoneos;
				SWIFT_COMPILATION_MODE = wholemodule;
				VALIDATE_PRODUCT = YES;
			};
			name = Release;
		};
		0DA8A5492CAD40CF00879FDC /* Debug */ = {
			isa = XCBuildConfiguration;
			buildSettings = {
				ASSETCATALOG_COMPILER_APPICON_NAME = AppIcon;
				ASSETCATALOG_COMPILER_GLOBAL_ACCENT_COLOR_NAME = AccentColor;
				CODE_SIGN_STYLE = Automatic;
				CURRENT_PROJECT_VERSION = 1;
				DEVELOPMENT_ASSET_PATHS = "\"Remindr/Preview Content\"";
				DEVELOPMENT_TEAM = 9V7264THWL;
				ENABLE_PREVIEWS = YES;
				GENERATE_INFOPLIST_FILE = YES;
				INFOPLIST_KEY_UIApplicationSceneManifest_Generation = YES;
				INFOPLIST_KEY_UIApplicationSupportsIndirectInputEvents = YES;
				INFOPLIST_KEY_UILaunchScreen_Generation = YES;
				INFOPLIST_KEY_UISupportedInterfaceOrientations_iPad = "UIInterfaceOrientationPortrait UIInterfaceOrientationPortraitUpsideDown UIInterfaceOrientationLandscapeLeft UIInterfaceOrientationLandscapeRight";
				INFOPLIST_KEY_UISupportedInterfaceOrientations_iPhone = "UIInterfaceOrientationPortrait UIInterfaceOrientationLandscapeLeft UIInterfaceOrientationLandscapeRight";
				LD_RUNPATH_SEARCH_PATHS = (
					"$(inherited)",
					"@executable_path/Frameworks",
				);
				MARKETING_VERSION = 1.0;
				PRODUCT_BUNDLE_IDENTIFIER = com.forelesning1.Remindr;
				PRODUCT_NAME = "$(TARGET_NAME)";
				SWIFT_EMIT_LOC_STRINGS = YES;
				SWIFT_VERSION = 5.0;
				TARGETED_DEVICE_FAMILY = "1,2";
			};
			name = Debug;
		};
		0DA8A54A2CAD40CF00879FDC /* Release */ = {
			isa = XCBuildConfiguration;
			buildSettings = {
				ASSETCATALOG_COMPILER_APPICON_NAME = AppIcon;
				ASSETCATALOG_COMPILER_GLOBAL_ACCENT_COLOR_NAME = AccentColor;
				CODE_SIGN_STYLE = Automatic;
				CURRENT_PROJECT_VERSION = 1;
				DEVELOPMENT_ASSET_PATHS = "\"Remindr/Preview Content\"";
				DEVELOPMENT_TEAM = 9V7264THWL;
				ENABLE_PREVIEWS = YES;
				GENERATE_INFOPLIST_FILE = YES;
				INFOPLIST_KEY_UIApplicationSceneManifest_Generation = YES;
				INFOPLIST_KEY_UIApplicationSupportsIndirectInputEvents = YES;
				INFOPLIST_KEY_UILaunchScreen_Generation = YES;
				INFOPLIST_KEY_UISupportedInterfaceOrientations_iPad = "UIInterfaceOrientationPortrait UIInterfaceOrientationPortraitUpsideDown UIInterfaceOrientationLandscapeLeft UIInterfaceOrientationLandscapeRight";
				INFOPLIST_KEY_UISupportedInterfaceOrientations_iPhone = "UIInterfaceOrientationPortrait UIInterfaceOrientationLandscapeLeft UIInterfaceOrientationLandscapeRight";
				LD_RUNPATH_SEARCH_PATHS = (
					"$(inherited)",
					"@executable_path/Frameworks",
				);
				MARKETING_VERSION = 1.0;
				PRODUCT_BUNDLE_IDENTIFIER = com.forelesning1.Remindr;
				PRODUCT_NAME = "$(TARGET_NAME)";
				SWIFT_EMIT_LOC_STRINGS = YES;
				SWIFT_VERSION = 5.0;
				TARGETED_DEVICE_FAMILY = "1,2";
			};
			name = Release;
		};
		0DA8A54C2CAD40CF00879FDC /* Debug */ = {
			isa = XCBuildConfiguration;
			buildSettings = {
				BUNDLE_LOADER = "$(TEST_HOST)";
				CODE_SIGN_STYLE = Automatic;
				CURRENT_PROJECT_VERSION = 1;
				DEVELOPMENT_TEAM = 9V7264THWL;
				GENERATE_INFOPLIST_FILE = YES;
				IPHONEOS_DEPLOYMENT_TARGET = 18.0;
				MARKETING_VERSION = 1.0;
				PRODUCT_BUNDLE_IDENTIFIER = com.forelesning1.RemindrTests;
				PRODUCT_NAME = "$(TARGET_NAME)";
				SWIFT_EMIT_LOC_STRINGS = NO;
				SWIFT_VERSION = 5.0;
				TARGETED_DEVICE_FAMILY = "1,2";
				TEST_HOST = "$(BUILT_PRODUCTS_DIR)/Remindr.app/$(BUNDLE_EXECUTABLE_FOLDER_PATH)/Remindr";
			};
			name = Debug;
		};
		0DA8A54D2CAD40CF00879FDC /* Release */ = {
			isa = XCBuildConfiguration;
			buildSettings = {
				BUNDLE_LOADER = "$(TEST_HOST)";
				CODE_SIGN_STYLE = Automatic;
				CURRENT_PROJECT_VERSION = 1;
				DEVELOPMENT_TEAM = 9V7264THWL;
				GENERATE_INFOPLIST_FILE = YES;
				IPHONEOS_DEPLOYMENT_TARGET = 18.0;
				MARKETING_VERSION = 1.0;
				PRODUCT_BUNDLE_IDENTIFIER = com.forelesning1.RemindrTests;
				PRODUCT_NAME = "$(TARGET_NAME)";
				SWIFT_EMIT_LOC_STRINGS = NO;
				SWIFT_VERSION = 5.0;
				TARGETED_DEVICE_FAMILY = "1,2";
				TEST_HOST = "$(BUILT_PRODUCTS_DIR)/Remindr.app/$(BUNDLE_EXECUTABLE_FOLDER_PATH)/Remindr";
			};
			name = Release;
		};
		0DA8A54F2CAD40CF00879FDC /* Debug */ = {
			isa = XCBuildConfiguration;
			buildSettings = {
				CODE_SIGN_STYLE = Automatic;
				CURRENT_PROJECT_VERSION = 1;
				DEVELOPMENT_TEAM = 9V7264THWL;
				GENERATE_INFOPLIST_FILE = YES;
				MARKETING_VERSION = 1.0;
				PRODUCT_BUNDLE_IDENTIFIER = com.forelesning1.RemindrUITests;
				PRODUCT_NAME = "$(TARGET_NAME)";
				SWIFT_EMIT_LOC_STRINGS = NO;
				SWIFT_VERSION = 5.0;
				TARGETED_DEVICE_FAMILY = "1,2";
				TEST_TARGET_NAME = Remindr;
			};
			name = Debug;
		};
		0DA8A5502CAD40CF00879FDC /* Release */ = {
			isa = XCBuildConfiguration;
			buildSettings = {
				CODE_SIGN_STYLE = Automatic;
				CURRENT_PROJECT_VERSION = 1;
				DEVELOPMENT_TEAM = 9V7264THWL;
				GENERATE_INFOPLIST_FILE = YES;
				MARKETING_VERSION = 1.0;
				PRODUCT_BUNDLE_IDENTIFIER = com.forelesning1.RemindrUITests;
				PRODUCT_NAME = "$(TARGET_NAME)";
				SWIFT_EMIT_LOC_STRINGS = NO;
				SWIFT_VERSION = 5.0;
				TARGETED_DEVICE_FAMILY = "1,2";
				TEST_TARGET_NAME = Remindr;
			};
			name = Release;
		};
/* End XCBuildConfiguration section */

/* Begin XCConfigurationList section */
		0DA8A51F2CAD40C900879FDC /* Build configuration list for PBXProject "Remindr" */ = {
			isa = XCConfigurationList;
			buildConfigurations = (
				0DA8A5462CAD40CF00879FDC /* Debug */,
				0DA8A5472CAD40CF00879FDC /* Release */,
			);
			defaultConfigurationIsVisible = 0;
			defaultConfigurationName = Release;
		};
		0DA8A5482CAD40CF00879FDC /* Build configuration list for PBXNativeTarget "Remindr" */ = {
			isa = XCConfigurationList;
			buildConfigurations = (
				0DA8A5492CAD40CF00879FDC /* Debug */,
				0DA8A54A2CAD40CF00879FDC /* Release */,
			);
			defaultConfigurationIsVisible = 0;
			defaultConfigurationName = Release;
		};
		0DA8A54B2CAD40CF00879FDC /* Build configuration list for PBXNativeTarget "RemindrTests" */ = {
			isa = XCConfigurationList;
			buildConfigurations = (
				0DA8A54C2CAD40CF00879FDC /* Debug */,
				0DA8A54D2CAD40CF00879FDC /* Release */,
			);
			defaultConfigurationIsVisible = 0;
			defaultConfigurationName = Release;
		};
		0DA8A54E2CAD40CF00879FDC /* Build configuration list for PBXNativeTarget "RemindrUITests" */ = {
			isa = XCConfigurationList;
			buildConfigurations = (
				0DA8A54F2CAD40CF00879FDC /* Debug */,
				0DA8A5502CAD40CF00879FDC /* Release */,
			);
			defaultConfigurationIsVisible = 0;
			defaultConfigurationName = Release;
		};
/* End XCConfigurationList section */
	};
	rootObject = 0DA8A51C2CAD40C900879FDC /* Project object */;
}
